
Microsoft Visual Studio Solution File, Format Version 12.00
# Visual Studio 15
VisualStudioVersion = 15.0.28307.779
MinimumVisualStudioVersion = 10.0.40219.1
Project("{FAE04EC0-301F-11D3-BF4B-00C04F79EFBC}") = "Senai.OpFlix.WebApi", "Senai.OpFlix.WebApi\Senai.OpFlix.WebApi.csproj", "{C431D8F7-2740-49F5-AA99-4B994E3A7003}"
EndProject
Global
	GlobalSection(SolutionConfigurationPlatforms) = preSolution
		Debug|Any CPU = Debug|Any CPU
		Release|Any CPU = Release|Any CPU
	EndGlobalSection
	GlobalSection(ProjectConfigurationPlatforms) = postSolution
		{C431D8F7-2740-49F5-AA99-4B994E3A7003}.Debug|Any CPU.ActiveCfg = Debug|Any CPU
		{C431D8F7-2740-49F5-AA99-4B994E3A7003}.Debug|Any CPU.Build.0 = Debug|Any CPU
		{C431D8F7-2740-49F5-AA99-4B994E3A7003}.Release|Any CPU.ActiveCfg = Release|Any CPU
		{C431D8F7-2740-49F5-AA99-4B994E3A7003}.Release|Any CPU.Build.0 = Release|Any CPU
	EndGlobalSection
	GlobalSection(SolutionProperties) = preSolution
		HideSolutionNode = FALSE
	EndGlobalSection
	GlobalSection(ExtensibilityGlobals) = postSolution
		SolutionGuid = {74FE5B8B-CED1-4063-B201-A95404B5D009}
	EndGlobalSection
EndGlobal
